
Microsoft Visual Studio Solution File, Format Version 12.00
# Visual Studio Version 16
VisualStudioVersion = 16.0.30711.63
MinimumVisualStudioVersion = 10.0.40219.1
Project("{9A19103F-16F7-4668-BE54-9A1E7A4F7556}") = "Application", "src\Application\Application.csproj", "{91E92506-11DF-4228-AF90-48809AF98778}"
EndProject
Project("{9A19103F-16F7-4668-BE54-9A1E7A4F7556}") = "Application.Tests", "src\Application.Tests\Application.Tests.csproj", "{24117FFF-202B-4052-A4F0-8B1546BAA241}"
EndProject
Global
	GlobalSection(SolutionConfigurationPlatforms) = preSolution
		Debug|Any CPU = Debug|Any CPU
		Release|Any CPU = Release|Any CPU
	EndGlobalSection
	GlobalSection(ProjectConfigurationPlatforms) = postSolution
		{91E92506-11DF-4228-AF90-48809AF98778}.Debug|Any CPU.ActiveCfg = Debug|Any CPU
		{91E92506-11DF-4228-AF90-48809AF98778}.Debug|Any CPU.Build.0 = Debug|Any CPU
		{91E92506-11DF-4228-AF90-48809AF98778}.Release|Any CPU.ActiveCfg = Release|Any CPU
		{91E92506-11DF-4228-AF90-48809AF98778}.Release|Any CPU.Build.0 = Release|Any CPU
		{24117FFF-202B-4052-A4F0-8B1546BAA241}.Debug|Any CPU.ActiveCfg = Debug|Any CPU
		{24117FFF-202B-4052-A4F0-8B1546BAA241}.Debug|Any CPU.Build.0 = Debug|Any CPU
		{24117FFF-202B-4052-A4F0-8B1546BAA241}.Release|Any CPU.ActiveCfg = Release|Any CPU
		{24117FFF-202B-4052-A4F0-8B1546BAA241}.Release|Any CPU.Build.0 = Release|Any CPU
	EndGlobalSection
	GlobalSection(SolutionProperties) = preSolution
		HideSolutionNode = FALSE
	EndGlobalSection
	GlobalSection(ExtensibilityGlobals) = postSolution
		SolutionGuid = {50670CDD-58C7-4765-9012-2AD8BC54152A}
	EndGlobalSection
EndGlobal
